
Microsoft Visual Studio Solution File, Format Version 12.00
# Visual Studio Version 16
VisualStudioVersion = 16.0.29519.181
MinimumVisualStudioVersion = 10.0.40219.1
Project("{FAE04EC0-301F-11D3-BF4B-00C04F79EFBC}") = "CumledeKelimeBulma", "CumledeKelimeBulma\CumledeKelimeBulma.csproj", "{758C62F2-D3D3-4B3B-A089-794E28709DE7}"
EndProject
Global
	GlobalSection(SolutionConfigurationPlatforms) = preSolution
		Debug|Any CPU = Debug|Any CPU
		Release|Any CPU = Release|Any CPU
	EndGlobalSection
	GlobalSection(ProjectConfigurationPlatforms) = postSolution
		{758C62F2-D3D3-4B3B-A089-794E28709DE7}.Debug|Any CPU.ActiveCfg = Debug|Any CPU
		{758C62F2-D3D3-4B3B-A089-794E28709DE7}.Debug|Any CPU.Build.0 = Debug|Any CPU
		{758C62F2-D3D3-4B3B-A089-794E28709DE7}.Release|Any CPU.ActiveCfg = Release|Any CPU
		{758C62F2-D3D3-4B3B-A089-794E28709DE7}.Release|Any CPU.Build.0 = Release|Any CPU
	EndGlobalSection
	GlobalSection(SolutionProperties) = preSolution
		HideSolutionNode = FALSE
	EndGlobalSection
	GlobalSection(ExtensibilityGlobals) = postSolution
		SolutionGuid = {950736A9-420B-46AF-B16C-0A2D101F710D}
	EndGlobalSection
EndGlobal
